
Microsoft Visual Studio Solution File, Format Version 12.00
# Visual Studio Version 17
VisualStudioVersion = 17.4.33205.214
MinimumVisualStudioVersion = 10.0.40219.1
Project("{FAE04EC0-301F-11D3-BF4B-00C04F79EFBC}") = "Code.Samples", "Code.Samples\Code.Samples.csproj", "{936A18DA-8D4C-4E9D-9C10-2785D2CA3ECC}"
EndProject
Global
	GlobalSection(SolutionConfigurationPlatforms) = preSolution
		Debug|Any CPU = Debug|Any CPU
		Release|Any CPU = Release|Any CPU
	EndGlobalSection
	GlobalSection(ProjectConfigurationPlatforms) = postSolution
		{936A18DA-8D4C-4E9D-9C10-2785D2CA3ECC}.Debug|Any CPU.ActiveCfg = Debug|Any CPU
		{936A18DA-8D4C-4E9D-9C10-2785D2CA3ECC}.Debug|Any CPU.Build.0 = Debug|Any CPU
		{936A18DA-8D4C-4E9D-9C10-2785D2CA3ECC}.Release|Any CPU.ActiveCfg = Release|Any CPU
		{936A18DA-8D4C-4E9D-9C10-2785D2CA3ECC}.Release|Any CPU.Build.0 = Release|Any CPU
	EndGlobalSection
	GlobalSection(SolutionProperties) = preSolution
		HideSolutionNode = FALSE
	EndGlobalSection
	GlobalSection(ExtensibilityGlobals) = postSolution
		SolutionGuid = {D0989762-D89E-47E7-8D3C-7F479247D425}
	EndGlobalSection
EndGlobal
